
Microsoft Visual Studio Solution File, Format Version 12.00
# Visual Studio Version 16
VisualStudioVersion = 16.0.31410.357
MinimumVisualStudioVersion = 10.0.40219.1
Project("{FAE04EC0-301F-11D3-BF4B-00C04F79EFBC}") = "AppInsights.Demo", "AppInsights.Demo\AppInsights.Demo.csproj", "{C4C9C472-72C9-4834-B67A-3BE102ABF784}"
EndProject
Global
	GlobalSection(SolutionConfigurationPlatforms) = preSolution
		Debug|Any CPU = Debug|Any CPU
		Release|Any CPU = Release|Any CPU
	EndGlobalSection
	GlobalSection(ProjectConfigurationPlatforms) = postSolution
		{C4C9C472-72C9-4834-B67A-3BE102ABF784}.Debug|Any CPU.ActiveCfg = Debug|Any CPU
		{C4C9C472-72C9-4834-B67A-3BE102ABF784}.Debug|Any CPU.Build.0 = Debug|Any CPU
		{C4C9C472-72C9-4834-B67A-3BE102ABF784}.Release|Any CPU.ActiveCfg = Release|Any CPU
		{C4C9C472-72C9-4834-B67A-3BE102ABF784}.Release|Any CPU.Build.0 = Release|Any CPU
	EndGlobalSection
	GlobalSection(SolutionProperties) = preSolution
		HideSolutionNode = FALSE
	EndGlobalSection
	GlobalSection(ExtensibilityGlobals) = postSolution
		SolutionGuid = {EA2C7237-D8FC-47F8-854B-157457F28633}
	EndGlobalSection
EndGlobal
